
Microsoft Visual Studio Solution File, Format Version 12.00
# Visual Studio Version 16
VisualStudioVersion = 16.0.30907.101
MinimumVisualStudioVersion = 10.0.40219.1
Project("{FAE04EC0-301F-11D3-BF4B-00C04F79EFBC}") = "Compiler", "Compiler\Compiler.csproj", "{3BB295B0-BB10-42E0-880D-F89944212F15}"
EndProject
Global
	GlobalSection(SolutionConfigurationPlatforms) = preSolution
		Debug|Any CPU = Debug|Any CPU
		Release|Any CPU = Release|Any CPU
	EndGlobalSection
	GlobalSection(ProjectConfigurationPlatforms) = postSolution
		{3BB295B0-BB10-42E0-880D-F89944212F15}.Debug|Any CPU.ActiveCfg = Debug|Any CPU
		{3BB295B0-BB10-42E0-880D-F89944212F15}.Debug|Any CPU.Build.0 = Debug|Any CPU
		{3BB295B0-BB10-42E0-880D-F89944212F15}.Release|Any CPU.ActiveCfg = Release|Any CPU
		{3BB295B0-BB10-42E0-880D-F89944212F15}.Release|Any CPU.Build.0 = Release|Any CPU
	EndGlobalSection
	GlobalSection(SolutionProperties) = preSolution
		HideSolutionNode = FALSE
	EndGlobalSection
	GlobalSection(ExtensibilityGlobals) = postSolution
		SolutionGuid = {DA0F7FB8-EF88-4414-8091-6C9ECA4214B7}
	EndGlobalSection
EndGlobal
